{
  "name": "fe",
  "lockfileVersion": 3,
  "requires": true,
  "packages": {
    "": {
      "name": "fe",
      "dependencies": {
        "@fortawesome/free-solid-svg-icons": "^6.5.1",
        "@fortawesome/react-fontawesome": "^0.2.0",
        "@netlify/functions": "^2.0.0",
        "@netlify/remix-adapter": "^2.0.0",
        "@remix-run/node": "^2.6.0",
        "@remix-run/react": "^2.6.0",
        "cross-env": "^7.0.3",
        "react": "^18.2.0",
        "react-dom": "^18.2.0"
      },
      "devDependencies": {
        "@remix-run/dev": "^2.6.0",
        "@remix-run/eslint-config": "^2.6.0",
        "@remix-run/serve": "^2.6.0",
        "@types/react": "^18.2.0",
        "@types/react-dom": "^18.2.0",
        "eslint": "^8.27.0",
        "typescript": "^5.2.2"
      },
      "engines": {
        "node": ">=18"
      }
    },
    "../node_modules/.pnpm/@fortawesome+free-solid-svg-icons@6.5.1/node_modules/@fortawesome/free-solid-svg-icons": {
      "version": "6.5.1",
      "hasInstallScript": true,
      "license": "(CC-BY-4.0 AND MIT)",
      "dependencies": {
        "@fortawesome/fontawesome-common-types": "6.5.1"
      },
      "engines": {
        "node": ">=6"
      }
    },
    "../node_modules/.pnpm/@fortawesome+react-fontawesome@0.2.0_@fortawesome+fontawesome-svg-core@6.5.1_react@18.2.0/node_modules/@fortawesome/react-fontawesome": {
      "version": "0.2.0",
      "license": "MIT",
      "dependencies": {
        "prop-types": "^15.8.1"
      },
      "devDependencies": {
        "@babel/core": "^7.16.7",
        "@babel/plugin-external-helpers": "^7.16.7",
        "@babel/preset-env": "^7.16.8",
        "@babel/preset-react": "^7.16.7",
        "@babel/preset-stage-3": "^7.8.3",
        "@fortawesome/fontawesome-svg-core": "^1.3.0",
        "@fortawesome/free-solid-svg-icons": "^5.15.4",
        "@rollup/plugin-babel": "^5.3.0",
        "@rollup/plugin-commonjs": "^21.0.1",
        "@rollup/plugin-node-resolve": "^13.1.3",
        "@types/react": "^17.0.38",
        "babel-eslint": "^10.0.3",
        "babel-jest": "^27.4.6",
        "browserslist": "^4.19.1",
        "caniuse-lite": "^1.0.30001299",
        "cross-env": "^7.0.3",
        "eslint": "^6.7.2",
        "eslint-config-standard": "^14.1.0",
        "eslint-plugin-compat": "^3.3.0",
        "eslint-plugin-import": "^2.18.2",
        "eslint-plugin-jest": "^23.1.1",
        "eslint-plugin-node": "^10.0.0",
        "eslint-plugin-promise": "^4.2.1",
        "eslint-plugin-react": "^7.17.0",
        "eslint-plugin-standard": "^4.0.1",
        "husky": "^7.0.4",
        "jest": "^27.4.7",
        "lint-staged": "^12.1.7",
        "markdown-toc": "^1.2.0",
        "prettier": "^2.5.1",
        "pretty-quick": "^3.1.3",
        "react": ">=17.x",
        "react-dom": "^17.0.2",
        "react-test-renderer": "^17.0.2",
        "rollup": "^2.64.0"
      },
      "peerDependencies": {
        "@fortawesome/fontawesome-svg-core": "~1 || ~6",
        "react": ">=16.3"
      }
    },
    "../node_modules/.pnpm/@remix-run+dev@2.6.0_@remix-run+serve@2.6.0_typescript@5.3.3/node_modules/@remix-run/dev": {
      "version": "2.6.0",
      "dev": true,
      "license": "MIT",
      "dependencies": {
        "@babel/core": "^7.21.8",
        "@babel/generator": "^7.21.5",
        "@babel/parser": "^7.21.8",
        "@babel/plugin-syntax-decorators": "^7.22.10",
        "@babel/plugin-syntax-jsx": "^7.21.4",
        "@babel/preset-typescript": "^7.21.5",
        "@babel/traverse": "^7.23.2",
        "@babel/types": "^7.22.5",
        "@mdx-js/mdx": "^2.3.0",
        "@npmcli/package-json": "^4.0.1",
        "@remix-run/node": "2.6.0",
        "@remix-run/router": "1.15.0",
        "@remix-run/server-runtime": "2.6.0",
        "@types/mdx": "^2.0.5",
        "@vanilla-extract/integration": "^6.2.0",
        "arg": "^5.0.1",
        "cacache": "^17.1.3",
        "chalk": "^4.1.2",
        "chokidar": "^3.5.1",
        "cross-spawn": "^7.0.3",
        "dotenv": "^16.0.0",
        "es-module-lexer": "^1.3.1",
        "esbuild": "0.17.6",
        "esbuild-plugins-node-modules-polyfill": "^1.6.0",
        "execa": "5.1.1",
        "exit-hook": "2.2.1",
        "express": "^4.17.1",
        "fs-extra": "^10.0.0",
        "get-port": "^5.1.1",
        "gunzip-maybe": "^1.4.2",
        "jsesc": "3.0.2",
        "json5": "^2.2.2",
        "lodash": "^4.17.21",
        "lodash.debounce": "^4.0.8",
        "minimatch": "^9.0.0",
        "ora": "^5.4.1",
        "picocolors": "^1.0.0",
        "picomatch": "^2.3.1",
        "pidtree": "^0.6.0",
        "postcss": "^8.4.19",
        "postcss-discard-duplicates": "^5.1.0",
        "postcss-load-config": "^4.0.1",
        "postcss-modules": "^6.0.0",
        "prettier": "^2.7.1",
        "pretty-ms": "^7.0.1",
        "react-refresh": "^0.14.0",
        "remark-frontmatter": "4.0.1",
        "remark-mdx-frontmatter": "^1.0.1",
        "semver": "^7.3.7",
        "set-cookie-parser": "^2.6.0",
        "tar-fs": "^2.1.1",
        "tsconfig-paths": "^4.0.0",
        "ws": "^7.4.5"
      },
      "bin": {
        "remix": "dist/cli.js"
      },
      "devDependencies": {
        "@remix-run/serve": "2.6.0",
        "@types/cacache": "^17.0.0",
        "@types/cross-spawn": "^6.0.2",
        "@types/gunzip-maybe": "^1.4.0",
        "@types/jsesc": "^3.0.1",
        "@types/lodash.debounce": "^4.0.6",
        "@types/node": "^18.17.1",
        "@types/npmcli__package-json": "^4.0.0",
        "@types/picomatch": "^2.3.0",
        "@types/prettier": "^2.7.3",
        "@types/shelljs": "^0.8.11",
        "@types/tar-fs": "^2.0.1",
        "@types/ws": "^7.4.1",
        "esbuild-register": "^3.3.2",
        "fast-glob": "3.2.11",
        "msw": "^1.2.3",
        "strip-ansi": "^6.0.1",
        "tiny-invariant": "^1.2.0",
        "vite": "^5.0.0",
        "wrangler": "^3.24.0"
      },
      "engines": {
        "node": ">=18.0.0"
      },
      "peerDependencies": {
        "@remix-run/serve": "^2.6.0",
        "typescript": "^5.1.0",
        "vite": "^5.0.0",
        "wrangler": "^3.24.0"
      },
      "peerDependenciesMeta": {
        "@remix-run/serve": {
          "optional": true
        },
        "typescript": {
          "optional": true
        },
        "vite": {
          "optional": true
        },
        "wrangler": {
          "optional": true
        }
      }
    },
    "../node_modules/.pnpm/@remix-run+eslint-config@2.6.0_eslint@8.56.0_react@18.2.0_typescript@5.3.3/node_modules/@remix-run/eslint-config": {
      "version": "2.6.0",
      "dev": true,
      "license": "MIT",
      "dependencies": {
        "@babel/core": "^7.21.8",
        "@babel/eslint-parser": "^7.21.8",
        "@babel/preset-react": "^7.18.6",
        "@rushstack/eslint-patch": "^1.2.0",
        "@typescript-eslint/eslint-plugin": "^5.59.0",
        "@typescript-eslint/parser": "^5.59.0",
        "eslint-import-resolver-node": "0.3.7",
        "eslint-import-resolver-typescript": "^3.5.4",
        "eslint-plugin-import": "^2.27.5",
        "eslint-plugin-jest": "^26.9.0",
        "eslint-plugin-jest-dom": "^4.0.3",
        "eslint-plugin-jsx-a11y": "^6.7.1",
        "eslint-plugin-node": "^11.1.0",
        "eslint-plugin-react": "^7.32.2",
        "eslint-plugin-react-hooks": "^4.6.0",
        "eslint-plugin-testing-library": "^5.10.2"
      },
      "devDependencies": {
        "@types/eslint": "^8.37.0",
        "eslint": "^8.37.0",
        "jest": "^29.6.4",
        "react": "^18.2.0",
        "typescript": "^5.1.6"
      },
      "engines": {
        "node": ">=18.0.0"
      },
      "peerDependencies": {
        "eslint": "^8.0.0",
        "react": "^18.0.0",
        "typescript": "^5.1.0"
      },
      "peerDependenciesMeta": {
        "typescript": {
          "optional": true
        }
      }
    },
    "../node_modules/.pnpm/@remix-run+node@2.6.0_typescript@5.3.3/node_modules/@remix-run/node": {
      "version": "2.6.0",
      "license": "MIT",
      "dependencies": {
        "@remix-run/server-runtime": "2.6.0",
        "@remix-run/web-fetch": "^4.4.2",
        "@remix-run/web-file": "^3.1.0",
        "@remix-run/web-stream": "^1.1.0",
        "@web3-storage/multipart-parser": "^1.0.0",
        "cookie-signature": "^1.1.0",
        "source-map-support": "^0.5.21",
        "stream-slice": "^0.1.2"
      },
      "devDependencies": {
        "@types/cookie-signature": "^1.0.3",
        "@types/source-map-support": "^0.5.4",
        "typescript": "^5.1.6"
      },
      "engines": {
        "node": ">=18.0.0"
      },
      "peerDependencies": {
        "typescript": "^5.1.0"
      },
      "peerDependenciesMeta": {
        "typescript": {
          "optional": true
        }
      }
    },
    "../node_modules/.pnpm/@remix-run+react@2.6.0_react-dom@18.2.0_react@18.2.0_typescript@5.3.3/node_modules/@remix-run/react": {
      "version": "2.6.0",
      "license": "MIT",
      "dependencies": {
        "@remix-run/router": "1.15.0",
        "@remix-run/server-runtime": "2.6.0",
        "react-router": "6.22.0",
        "react-router-dom": "6.22.0"
      },
      "devDependencies": {
        "@testing-library/jest-dom": "^5.17.0",
        "@testing-library/react": "^13.3.0",
        "@types/react": "^18.2.20",
        "jest-environment-jsdom": "^29.6.4",
        "react": "^18.2.0",
        "react-dom": "^18.2.0",
        "typescript": "^5.1.6"
      },
      "engines": {
        "node": ">=18.0.0"
      },
      "peerDependencies": {
        "react": "^18.0.0",
        "react-dom": "^18.0.0",
        "typescript": "^5.1.0"
      },
      "peerDependenciesMeta": {
        "typescript": {
          "optional": true
        }
      }
    },
    "../node_modules/.pnpm/@remix-run+serve@2.6.0_typescript@5.3.3/node_modules/@remix-run/serve": {
      "version": "2.6.0",
      "dev": true,
      "license": "MIT",
      "dependencies": {
        "@remix-run/express": "2.6.0",
        "@remix-run/node": "2.6.0",
        "chokidar": "^3.5.3",
        "compression": "^1.7.4",
        "express": "^4.17.1",
        "get-port": "5.1.1",
        "morgan": "^1.10.0",
        "source-map-support": "^0.5.21"
      },
      "bin": {
        "remix-serve": "dist/cli.js"
      },
      "devDependencies": {
        "@types/compression": "^1.7.0",
        "@types/express": "^4.17.9",
        "@types/morgan": "^1.9.2",
        "@types/source-map-support": "^0.5.6"
      },
      "engines": {
        "node": ">=18.0.0"
      }
    },
    "../node_modules/.pnpm/@types+react-dom@18.2.19/node_modules/@types/react-dom": {
      "version": "18.2.19",
      "dev": true,
      "license": "MIT",
      "dependencies": {
        "@types/react": "*"
      }
    },
    "../node_modules/.pnpm/@types+react@18.2.55/node_modules/@types/react": {
      "version": "18.2.55",
      "dev": true,
      "license": "MIT",
      "dependencies": {
        "@types/prop-types": "*",
        "@types/scheduler": "*",
        "csstype": "^3.0.2"
      }
    },
    "../node_modules/.pnpm/cross-env@7.0.3/node_modules/cross-env": {
      "version": "7.0.3",
      "license": "MIT",
      "dependencies": {
        "cross-spawn": "^7.0.1"
      },
      "bin": {
        "cross-env": "src/bin/cross-env.js",
        "cross-env-shell": "src/bin/cross-env-shell.js"
      },
      "devDependencies": {
        "kcd-scripts": "^5.5.0"
      },
      "engines": {
        "node": ">=10.14",
        "npm": ">=6",
        "yarn": ">=1"
      }
    },
    "../node_modules/.pnpm/eslint@8.56.0/node_modules/eslint": {
      "version": "8.56.0",
      "dev": true,
      "license": "MIT",
      "dependencies": {
        "@eslint-community/eslint-utils": "^4.2.0",
        "@eslint-community/regexpp": "^4.6.1",
        "@eslint/eslintrc": "^2.1.4",
        "@eslint/js": "8.56.0",
        "@humanwhocodes/config-array": "^0.11.13",
        "@humanwhocodes/module-importer": "^1.0.1",
        "@nodelib/fs.walk": "^1.2.8",
        "@ungap/structured-clone": "^1.2.0",
        "ajv": "^6.12.4",
        "chalk": "^4.0.0",
        "cross-spawn": "^7.0.2",
        "debug": "^4.3.2",
        "doctrine": "^3.0.0",
        "escape-string-regexp": "^4.0.0",
        "eslint-scope": "^7.2.2",
        "eslint-visitor-keys": "^3.4.3",
        "espree": "^9.6.1",
        "esquery": "^1.4.2",
        "esutils": "^2.0.2",
        "fast-deep-equal": "^3.1.3",
        "file-entry-cache": "^6.0.1",
        "find-up": "^5.0.0",
        "glob-parent": "^6.0.2",
        "globals": "^13.19.0",
        "graphemer": "^1.4.0",
        "ignore": "^5.2.0",
        "imurmurhash": "^0.1.4",
        "is-glob": "^4.0.0",
        "is-path-inside": "^3.0.3",
        "js-yaml": "^4.1.0",
        "json-stable-stringify-without-jsonify": "^1.0.1",
        "levn": "^0.4.1",
        "lodash.merge": "^4.6.2",
        "minimatch": "^3.1.2",
        "natural-compare": "^1.4.0",
        "optionator": "^0.9.3",
        "strip-ansi": "^6.0.1",
        "text-table": "^0.2.0"
      },
      "bin": {
        "eslint": "bin/eslint.js"
      },
      "devDependencies": {
        "@babel/core": "^7.4.3",
        "@babel/preset-env": "^7.4.3",
        "@wdio/browser-runner": "^8.14.6",
        "@wdio/cli": "^8.14.6",
        "@wdio/concise-reporter": "^8.14.0",
        "@wdio/globals": "^8.14.6",
        "@wdio/mocha-framework": "^8.14.0",
        "babel-loader": "^8.0.5",
        "c8": "^7.12.0",
        "chai": "^4.0.1",
        "cheerio": "^0.22.0",
        "common-tags": "^1.8.0",
        "core-js": "^3.1.3",
        "ejs": "^3.0.2",
        "eslint": "file:.",
        "eslint-config-eslint": "file:packages/eslint-config-eslint",
        "eslint-plugin-eslint-comments": "^3.2.0",
        "eslint-plugin-eslint-plugin": "^5.2.1",
        "eslint-plugin-internal-rules": "file:tools/internal-rules",
        "eslint-plugin-jsdoc": "^46.2.5",
        "eslint-plugin-n": "^16.4.0",
        "eslint-plugin-unicorn": "^49.0.0",
        "eslint-release": "^3.2.0",
        "eslump": "^3.0.0",
        "esprima": "^4.0.1",
        "fast-glob": "^3.2.11",
        "fs-teardown": "^0.1.3",
        "glob": "^7.1.6",
        "got": "^11.8.3",
        "gray-matter": "^4.0.3",
        "lint-staged": "^11.0.0",
        "load-perf": "^0.2.0",
        "markdown-it": "^12.2.0",
        "markdown-it-container": "^3.0.0",
        "markdownlint": "^0.32.0",
        "markdownlint-cli": "^0.37.0",
        "marked": "^4.0.8",
        "memfs": "^3.0.1",
        "metascraper": "^5.25.7",
        "metascraper-description": "^5.25.7",
        "metascraper-image": "^5.29.3",
        "metascraper-logo": "^5.25.7",
        "metascraper-logo-favicon": "^5.25.7",
        "metascraper-title": "^5.25.7",
        "mocha": "^8.3.2",
        "mocha-junit-reporter": "^2.0.0",
        "node-polyfill-webpack-plugin": "^1.0.3",
        "npm-license": "^0.3.3",
        "pirates": "^4.0.5",
        "progress": "^2.0.3",
        "proxyquire": "^2.0.1",
        "recast": "^0.23.0",
        "regenerator-runtime": "^0.14.0",
        "rollup-plugin-node-polyfills": "^0.2.1",
        "semver": "^7.5.3",
        "shelljs": "^0.8.2",
        "sinon": "^11.0.0",
        "vite-plugin-commonjs": "^0.10.0",
        "webdriverio": "^8.14.6",
        "webpack": "^5.23.0",
        "webpack-cli": "^4.5.0",
        "yorkie": "^2.0.0"
      },
      "engines": {
        "node": "^12.22.0 || ^14.17.0 || >=16.0.0"
      },
      "funding": {
        "url": "https://opencollective.com/eslint"
      }
    },
    "../node_modules/.pnpm/react-dom@18.2.0_react@18.2.0/node_modules/react-dom": {
      "version": "18.2.0",
      "license": "MIT",
      "dependencies": {
        "loose-envify": "^1.1.0",
        "scheduler": "^0.23.0"
      },
      "peerDependencies": {
        "react": "^18.2.0"
      }
    },
    "../node_modules/.pnpm/react@18.2.0/node_modules/react": {
      "version": "18.2.0",
      "license": "MIT",
      "dependencies": {
        "loose-envify": "^1.1.0"
      },
      "engines": {
        "node": ">=0.10.0"
      }
    },
    "../node_modules/.pnpm/typescript@5.3.3/node_modules/typescript": {
      "version": "5.3.3",
      "dev": true,
      "license": "Apache-2.0",
      "bin": {
        "tsc": "bin/tsc",
        "tsserver": "bin/tsserver"
      },
      "devDependencies": {
        "@esfx/canceltoken": "^1.0.0",
        "@octokit/rest": "^19.0.13",
        "@types/chai": "^4.3.4",
        "@types/glob": "^8.1.0",
        "@types/microsoft__typescript-etw": "^0.1.1",
        "@types/minimist": "^1.2.2",
        "@types/mocha": "^10.0.1",
        "@types/ms": "^0.7.31",
        "@types/node": "latest",
        "@types/source-map-support": "^0.5.6",
        "@types/which": "^2.0.1",
        "@typescript-eslint/eslint-plugin": "^6.0.0",
        "@typescript-eslint/parser": "^6.0.0",
        "@typescript-eslint/utils": "^6.0.0",
        "azure-devops-node-api": "^12.0.0",
        "c8": "^7.14.0",
        "chai": "^4.3.7",
        "chalk": "^4.1.2",
        "chokidar": "^3.5.3",
        "diff": "^5.1.0",
        "dprint": "^0.42.3",
        "esbuild": "^0.19.0",
        "eslint": "^8.22.0",
        "eslint-formatter-autolinkable-stylish": "^1.2.0",
        "eslint-plugin-local": "^1.0.0",
        "eslint-plugin-no-null": "^1.0.2",
        "eslint-plugin-simple-import-sort": "^10.0.0",
        "fast-xml-parser": "^4.0.11",
        "glob": "^8.1.0",
        "hereby": "^1.6.4",
        "jsonc-parser": "^3.2.0",
        "minimist": "^1.2.8",
        "mocha": "^10.2.0",
        "mocha-fivemat-progress-reporter": "^0.1.0",
        "ms": "^2.1.3",
        "node-fetch": "^3.2.10",
        "playwright": "^1.38.0",
        "source-map-support": "^0.5.21",
        "tslib": "^2.5.0",
        "typescript": "^5.0.2",
        "which": "^2.0.2"
      },
      "engines": {
        "node": ">=14.17"
      }
    },
    "node_modules/@fortawesome/free-solid-svg-icons": {
      "resolved": "../node_modules/.pnpm/@fortawesome+free-solid-svg-icons@6.5.1/node_modules/@fortawesome/free-solid-svg-icons",
      "link": true
    },
    "node_modules/@fortawesome/react-fontawesome": {
      "resolved": "../node_modules/.pnpm/@fortawesome+react-fontawesome@0.2.0_@fortawesome+fontawesome-svg-core@6.5.1_react@18.2.0/node_modules/@fortawesome/react-fontawesome",
      "link": true
    },
    "node_modules/@netlify/functions": {
      "version": "2.6.0",
      "resolved": "https://registry.npmjs.org/@netlify/functions/-/functions-2.6.0.tgz",
      "integrity": "sha512-vU20tij0fb4nRGACqb+5SQvKd50JYyTyEhQetCMHdakcJFzjLDivvRR16u1G2Oy4A7xNAtGJF1uz8reeOtTVcQ==",
      "dependencies": {
        "@netlify/serverless-functions-api": "1.14.0"
      },
      "engines": {
        "node": ">=14.0.0"
      }
    },
    "node_modules/@netlify/node-cookies": {
      "version": "0.1.0",
      "resolved": "https://registry.npmjs.org/@netlify/node-cookies/-/node-cookies-0.1.0.tgz",
      "integrity": "sha512-OAs1xG+FfLX0LoRASpqzVntVV/RpYkgpI0VrUnw2u0Q1qiZUzcPffxRK8HF3gc4GjuhG5ahOEMJ9bswBiZPq0g==",
      "engines": {
        "node": "^14.16.0 || >=16.0.0"
      }
    },
    "node_modules/@netlify/remix-adapter": {
      "version": "2.2.0",
      "resolved": "https://registry.npmjs.org/@netlify/remix-adapter/-/remix-adapter-2.2.0.tgz",
      "integrity": "sha512-tQxZB02NyjFQGxxJQZ+cbP3bnls7jVl6UOEYbt3wBn1wNKgkHaBtqOQxfS8e0wZhRJ+Fg1WK4srZgRrLDbtwWw==",
      "dependencies": {
        "@remix-run/node": "^2.0.0",
        "isbot": "^3.7.0"
      },
      "engines": {
        "node": ">=14"
      },
      "peerDependencies": {
        "@netlify/functions": "^2.3.0"
      }
    },
    "node_modules/@netlify/serverless-functions-api": {
      "version": "1.14.0",
      "resolved": "https://registry.npmjs.org/@netlify/serverless-functions-api/-/serverless-functions-api-1.14.0.tgz",
      "integrity": "sha512-HUNETLNvNiC2J+SB/YuRwJA9+agPrc0azSoWVk8H85GC+YE114hcS5JW+dstpKwVerp2xILE3vNWN7IMXP5Q5Q==",
      "dependencies": {
        "@netlify/node-cookies": "^0.1.0",
        "urlpattern-polyfill": "8.0.2"
      },
      "engines": {
        "node": "^14.18.0 || >=16.0.0"
      }
    },
    "node_modules/@remix-run/dev": {
      "resolved": "../node_modules/.pnpm/@remix-run+dev@2.6.0_@remix-run+serve@2.6.0_typescript@5.3.3/node_modules/@remix-run/dev",
      "link": true
    },
    "node_modules/@remix-run/eslint-config": {
      "resolved": "../node_modules/.pnpm/@remix-run+eslint-config@2.6.0_eslint@8.56.0_react@18.2.0_typescript@5.3.3/node_modules/@remix-run/eslint-config",
      "link": true
    },
    "node_modules/@remix-run/node": {
      "resolved": "../node_modules/.pnpm/@remix-run+node@2.6.0_typescript@5.3.3/node_modules/@remix-run/node",
      "link": true
    },
    "node_modules/@remix-run/react": {
      "resolved": "../node_modules/.pnpm/@remix-run+react@2.6.0_react-dom@18.2.0_react@18.2.0_typescript@5.3.3/node_modules/@remix-run/react",
      "link": true
    },
    "node_modules/@remix-run/serve": {
      "resolved": "../node_modules/.pnpm/@remix-run+serve@2.6.0_typescript@5.3.3/node_modules/@remix-run/serve",
      "link": true
    },
    "node_modules/@types/react": {
      "resolved": "../node_modules/.pnpm/@types+react@18.2.55/node_modules/@types/react",
      "link": true
    },
    "node_modules/@types/react-dom": {
      "resolved": "../node_modules/.pnpm/@types+react-dom@18.2.19/node_modules/@types/react-dom",
      "link": true
    },
    "node_modules/cross-env": {
      "resolved": "../node_modules/.pnpm/cross-env@7.0.3/node_modules/cross-env",
      "link": true
    },
    "node_modules/eslint": {
      "resolved": "../node_modules/.pnpm/eslint@8.56.0/node_modules/eslint",
      "link": true
    },
    "node_modules/isbot": {
      "version": "3.8.0",
      "resolved": "https://registry.npmjs.org/isbot/-/isbot-3.8.0.tgz",
      "integrity": "sha512-vne1mzQUTR+qsMLeCBL9+/tgnDXRyc2pygLGl/WsgA+EZKIiB5Ehu0CiVTHIIk30zhJ24uGz4M5Ppse37aR0Hg==",
      "engines": {
        "node": ">=12"
      }
    },
    "node_modules/react": {
      "resolved": "../node_modules/.pnpm/react@18.2.0/node_modules/react",
      "link": true
    },
    "node_modules/react-dom": {
      "resolved": "../node_modules/.pnpm/react-dom@18.2.0_react@18.2.0/node_modules/react-dom",
      "link": true
    },
    "node_modules/typescript": {
      "resolved": "../node_modules/.pnpm/typescript@5.3.3/node_modules/typescript",
      "link": true
    },
    "node_modules/urlpattern-polyfill": {
      "version": "8.0.2",
      "resolved": "https://registry.npmjs.org/urlpattern-polyfill/-/urlpattern-polyfill-8.0.2.tgz",
      "integrity": "sha512-Qp95D4TPJl1kC9SKigDcqgyM2VDVO4RiJc2d4qe5GrYm+zbIQCWWKAFaJNQ4BhdFeDGwBmAxqJBwWSJDb9T3BQ=="
    }
  }
}
